Microsoft Visual Studio Solution File, Format Version 12.00
# Visual Studio Version 17
VisualStudioVersion = 17.5.2.0
MinimumVisualStudioVersion = 10.0.40219.1
Project("{FAE04EC0-301F-11D3-BF4B-00C04F79EFBC}") = "GenericMCP", "GenericMCP\GenericMCP.csproj", "{F7E2A49E-753E-D806-98DB-269058709369}"
EndProject
Global
	GlobalSection(SolutionConfigurationPlatforms) = preSolution
		Debug|Any CPU = Debug|Any CPU
		Release|Any CPU = Release|Any CPU
	EndGlobalSection
	GlobalSection(ProjectConfigurationPlatforms) = postSolution
		{F7E2A49E-753E-D806-98DB-269058709369}.Debug|Any CPU.ActiveCfg = Debug|Any CPU
		{F7E2A49E-753E-D806-98DB-269058709369}.Debug|Any CPU.Build.0 = Debug|Any CPU
		{F7E2A49E-753E-D806-98DB-269058709369}.Release|Any CPU.ActiveCfg = Release|Any CPU
		{F7E2A49E-753E-D806-98DB-269058709369}.Release|Any CPU.Build.0 = Release|Any CPU
	EndGlobalSection
	GlobalSection(SolutionProperties) = preSolution
		HideSolutionNode = FALSE
	EndGlobalSection
	GlobalSection(ExtensibilityGlobals) = postSolution
		SolutionGuid = {ABD09486-3E11-4402-AC46-F537DCAC893E}
	EndGlobalSection
EndGlobal
